
Microsoft Visual Studio Solution File, Format Version 12.00
# Visual Studio Version 17
VisualStudioVersion = 17.2.32602.215
MinimumVisualStudioVersion = 10.0.40219.1
Project("{FAE04EC0-301F-11D3-BF4B-00C04F79EFBC}") = "Categoria", "Categoria\Categoria.csproj", "{83AB4653-F5EF-4637-AAC5-D02144BD4F17}"
EndProject
Global
	GlobalSection(SolutionConfigurationPlatforms) = preSolution
		Debug|Any CPU = Debug|Any CPU
		Release|Any CPU = Release|Any CPU
	EndGlobalSection
	GlobalSection(ProjectConfigurationPlatforms) = postSolution
		{83AB4653-F5EF-4637-AAC5-D02144BD4F17}.Debug|Any CPU.ActiveCfg = Debug|Any CPU
		{83AB4653-F5EF-4637-AAC5-D02144BD4F17}.Debug|Any CPU.Build.0 = Debug|Any CPU
		{83AB4653-F5EF-4637-AAC5-D02144BD4F17}.Release|Any CPU.ActiveCfg = Release|Any CPU
		{83AB4653-F5EF-4637-AAC5-D02144BD4F17}.Release|Any CPU.Build.0 = Release|Any CPU
	EndGlobalSection
	GlobalSection(SolutionProperties) = preSolution
		HideSolutionNode = FALSE
	EndGlobalSection
	GlobalSection(ExtensibilityGlobals) = postSolution
		SolutionGuid = {0AE9C4D5-8C2E-483A-9111-DB1C0DD4378C}
	EndGlobalSection
EndGlobal
